
Microsoft Visual Studio Solution File, Format Version 12.00
# Visual Studio Version 17
VisualStudioVersion = 17.7.34031.279
MinimumVisualStudioVersion = 10.0.40219.1
Project("{FAE04EC0-301F-11D3-BF4B-00C04F79EFBC}") = "zadanie 4", "zadanie 4\zadanie 4.csproj", "{E3FBFC95-6D89-4185-B5D7-2049DADC2C99}"
EndProject
Global
	GlobalSection(SolutionConfigurationPlatforms) = preSolution
		Debug|Any CPU = Debug|Any CPU
		Release|Any CPU = Release|Any CPU
	EndGlobalSection
	GlobalSection(ProjectConfigurationPlatforms) = postSolution
		{E3FBFC95-6D89-4185-B5D7-2049DADC2C99}.Debug|Any CPU.ActiveCfg = Debug|Any CPU
		{E3FBFC95-6D89-4185-B5D7-2049DADC2C99}.Debug|Any CPU.Build.0 = Debug|Any CPU
		{E3FBFC95-6D89-4185-B5D7-2049DADC2C99}.Release|Any CPU.ActiveCfg = Release|Any CPU
		{E3FBFC95-6D89-4185-B5D7-2049DADC2C99}.Release|Any CPU.Build.0 = Release|Any CPU
	EndGlobalSection
	GlobalSection(SolutionProperties) = preSolution
		HideSolutionNode = FALSE
	EndGlobalSection
	GlobalSection(ExtensibilityGlobals) = postSolution
		SolutionGuid = {828751D1-76E5-4258-8E7A-5754463A5B5D}
	EndGlobalSection
EndGlobal
